
Microsoft Visual Studio Solution File, Format Version 12.00
# Visual Studio Version 17
VisualStudioVersion = 17.14.36623.8 d17.14
MinimumVisualStudioVersion = 10.0.40219.1
Project("{FAE04EC0-301F-11D3-BF4B-00C04F79EFBC}") = "Snake_soutez", "Snake_soutez.csproj", "{55AB6AA3-0792-47DD-AE4C-630FA4CD602A}"
EndProject
Global
	GlobalSection(SolutionConfigurationPlatforms) = preSolution
		Debug|Any CPU = Debug|Any CPU
		Release|Any CPU = Release|Any CPU
	EndGlobalSection
	GlobalSection(ProjectConfigurationPlatforms) = postSolution
		{55AB6AA3-0792-47DD-AE4C-630FA4CD602A}.Debug|Any CPU.ActiveCfg = Debug|Any CPU
		{55AB6AA3-0792-47DD-AE4C-630FA4CD602A}.Debug|Any CPU.Build.0 = Debug|Any CPU
		{55AB6AA3-0792-47DD-AE4C-630FA4CD602A}.Release|Any CPU.ActiveCfg = Release|Any CPU
		{55AB6AA3-0792-47DD-AE4C-630FA4CD602A}.Release|Any CPU.Build.0 = Release|Any CPU
	EndGlobalSection
	GlobalSection(SolutionProperties) = preSolution
		HideSolutionNode = FALSE
	EndGlobalSection
	GlobalSection(ExtensibilityGlobals) = postSolution
		SolutionGuid = {B3C985FF-EC6A-486A-90DE-598689B71424}
	EndGlobalSection
EndGlobal
